
Microsoft Visual Studio Solution File, Format Version 12.00
# Visual Studio Version 16
VisualStudioVersion = 16.0.32929.386
MinimumVisualStudioVersion = 10.0.40219.1
Project("{FAE04EC0-301F-11D3-BF4B-00C04F79EFBC}") = "AnonymousIncomeComparison", "AnonymousIncomeComparison\AnonymousIncomeComparison.csproj", "{BBCEEB12-1568-4328-9481-5807E862443B}"
EndProject
Global
	GlobalSection(SolutionConfigurationPlatforms) = preSolution
		Debug|Any CPU = Debug|Any CPU
		Release|Any CPU = Release|Any CPU
	EndGlobalSection
	GlobalSection(ProjectConfigurationPlatforms) = postSolution
		{BBCEEB12-1568-4328-9481-5807E862443B}.Debug|Any CPU.ActiveCfg = Debug|Any CPU
		{BBCEEB12-1568-4328-9481-5807E862443B}.Debug|Any CPU.Build.0 = Debug|Any CPU
		{BBCEEB12-1568-4328-9481-5807E862443B}.Release|Any CPU.ActiveCfg = Release|Any CPU
		{BBCEEB12-1568-4328-9481-5807E862443B}.Release|Any CPU.Build.0 = Release|Any CPU
	EndGlobalSection
	GlobalSection(SolutionProperties) = preSolution
		HideSolutionNode = FALSE
	EndGlobalSection
	GlobalSection(ExtensibilityGlobals) = postSolution
		SolutionGuid = {E1941541-3554-43E1-906B-8098D61D4290}
	EndGlobalSection
EndGlobal
