
Microsoft Visual Studio Solution File, Format Version 12.00
# Visual Studio Version 16
VisualStudioVersion = 16.0.32929.386
MinimumVisualStudioVersion = 10.0.40219.1
Project("{FAE04EC0-301F-11D3-BF4B-00C04F79EFBC}") = "TwentyOne", "TwentyOne\TwentyOne.csproj", "{D851802B-84E5-459F-A8D9-252F7A19646D}"
EndProject
Project("{FAE04EC0-301F-11D3-BF4B-00C04F79EFBC}") = "Casino1", "Casino1\Casino1.csproj", "{959A2043-B5AD-429B-9C20-D4E04D39A53E}"
EndProject
Global
	GlobalSection(SolutionConfigurationPlatforms) = preSolution
		Debug|Any CPU = Debug|Any CPU
		Release|Any CPU = Release|Any CPU
	EndGlobalSection
	GlobalSection(ProjectConfigurationPlatforms) = postSolution
		{D851802B-84E5-459F-A8D9-252F7A19646D}.Debug|Any CPU.ActiveCfg = Debug|Any CPU
		{D851802B-84E5-459F-A8D9-252F7A19646D}.Debug|Any CPU.Build.0 = Debug|Any CPU
		{D851802B-84E5-459F-A8D9-252F7A19646D}.Release|Any CPU.ActiveCfg = Release|Any CPU
		{D851802B-84E5-459F-A8D9-252F7A19646D}.Release|Any CPU.Build.0 = Release|Any CPU
		{959A2043-B5AD-429B-9C20-D4E04D39A53E}.Debug|Any CPU.ActiveCfg = Debug|Any CPU
		{959A2043-B5AD-429B-9C20-D4E04D39A53E}.Debug|Any CPU.Build.0 = Debug|Any CPU
		{959A2043-B5AD-429B-9C20-D4E04D39A53E}.Release|Any CPU.ActiveCfg = Release|Any CPU
		{959A2043-B5AD-429B-9C20-D4E04D39A53E}.Release|Any CPU.Build.0 = Release|Any CPU
	EndGlobalSection
	GlobalSection(SolutionProperties) = preSolution
		HideSolutionNode = FALSE
	EndGlobalSection
	GlobalSection(ExtensibilityGlobals) = postSolution
		SolutionGuid = {3EC48F64-A7E5-4C3E-90D0-660837CC46A2}
	EndGlobalSection
EndGlobal
