
Microsoft Visual Studio Solution File, Format Version 12.00
# Visual Studio Version 17
VisualStudioVersion = 17.4.33205.214
MinimumVisualStudioVersion = 10.0.40219.1
Project("{FAE04EC0-301F-11D3-BF4B-00C04F79EFBC}") = "FinalChallenge", "FinalChallenge\FinalChallenge.csproj", "{B17A4370-792C-4541-AAAB-C1AFD06DE27E}"
EndProject
Global
	GlobalSection(SolutionConfigurationPlatforms) = preSolution
		Debug|Any CPU = Debug|Any CPU
		Release|Any CPU = Release|Any CPU
	EndGlobalSection
	GlobalSection(ProjectConfigurationPlatforms) = postSolution
		{B17A4370-792C-4541-AAAB-C1AFD06DE27E}.Debug|Any CPU.ActiveCfg = Debug|Any CPU
		{B17A4370-792C-4541-AAAB-C1AFD06DE27E}.Debug|Any CPU.Build.0 = Debug|Any CPU
		{B17A4370-792C-4541-AAAB-C1AFD06DE27E}.Release|Any CPU.ActiveCfg = Release|Any CPU
		{B17A4370-792C-4541-AAAB-C1AFD06DE27E}.Release|Any CPU.Build.0 = Release|Any CPU
	EndGlobalSection
	GlobalSection(SolutionProperties) = preSolution
		HideSolutionNode = FALSE
	EndGlobalSection
	GlobalSection(ExtensibilityGlobals) = postSolution
		SolutionGuid = {CE2F871B-71CC-4AFD-9586-FD5BB754746D}
	EndGlobalSection
EndGlobal
